// !$*UTF8*$!
{
	archiveVersion = 1;
	classes = {
	};
	objectVersion = 48;
	objects = {

/* Begin PBXBuildFile section */
		AE09CB281FA3794C00D3BFB1 /* AppDelegate.swift in Sources */ = {isa = PBXBuildFile; fileRef = AE09CB271FA3794C00D3BFB1 /* AppDelegate.swift */; };
		AE09CB2A1FA3794C00D3BFB1 /* Assets.xcassets in Resources */ = {isa = PBXBuildFile; fileRef = AE09CB291FA3794C00D3BFB1 /* Assets.xcassets */; };
		AE09CB2D1FA3794C00D3BFB1 /* MainMenu.xib in Resources */ = {isa = PBXBuildFile; fileRef = AE09CB2B1FA3794C00D3BFB1 /* MainMenu.xib */; };
		AE09CB391FA3794C00D3BFB1 /* TemposBotMenubarTests.swift in Sources */ = {isa = PBXBuildFile; fileRef = AE09CB381FA3794C00D3BFB1 /* TemposBotMenubarTests.swift */; };
		AE09CB441FA3794C00D3BFB1 /* TemposBotMenubarUITests.swift in Sources */ = {isa = PBXBuildFile; fileRef = AE09CB431FA3794C00D3BFB1 /* TemposBotMenubarUITests.swift */; };
		AE09CB521FA37FD400D3BFB1 /* StatusMenuController.swift in Sources */ = {isa = PBXBuildFile; fileRef = AE09CB511FA37FD400D3BFB1 /* StatusMenuController.swift */; };
		AE09CB541FA3851B00D3BFB1 /* TemposBotAPI.swift in Sources */ = {isa = PBXBuildFile; fileRef = AE09CB531FA3851B00D3BFB1 /* TemposBotAPI.swift */; };
		AE09CB571FA38AA700D3BFB1 /* PreferencesWindow.swift in Sources */ = {isa = PBXBuildFile; fileRef = AE09CB551FA38AA700D3BFB1 /* PreferencesWindow.swift */; };
		AE09CB581FA38AA700D3BFB1 /* PreferencesWindow.xib in Resources */ = {isa = PBXBuildFile; fileRef = AE09CB561FA38AA700D3BFB1 /* PreferencesWindow.xib */; };
		AE8539631FAC7F680037A857 /* TextField.swift in Sources */ = {isa = PBXBuildFile; fileRef = AE8539621FAC7F680037A857 /* TextField.swift */; };
/* End PBXBuildFile section */

/* Begin PBXContainerItemProxy section */
		AE09CB351FA3794C00D3BFB1 /* PBXContainerItemProxy */ = {
			isa = PBXContainerItemProxy;
			containerPortal = AE09CB1C1FA3794C00D3BFB1 /* Project object */;
			proxyType = 1;
			remoteGlobalIDString = AE09CB231FA3794C00D3BFB1;
			remoteInfo = TemposBotMenubar;
		};
		AE09CB401FA3794C00D3BFB1 /* PBXContainerItemProxy */ = {
			isa = PBXContainerItemProxy;
			containerPortal = AE09CB1C1FA3794C00D3BFB1 /* Project object */;
			proxyType = 1;
			remoteGlobalIDString = AE09CB231FA3794C00D3BFB1;
			remoteInfo = TemposBotMenubar;
		};
/* End PBXContainerItemProxy section */

/* Begin PBXFileReference section */
		AE09CB241FA3794C00D3BFB1 /* TemposBotMenubar.app */ = {isa = PBXFileReference; explicitFileType = wrapper.application; includeInIndex = 0; path = TemposBotMenubar.app; sourceTree = BUILT_PRODUCTS_DIR; };
		AE09CB271FA3794C00D3BFB1 /* AppDelegate.swift */ = {isa = PBXFileReference; lastKnownFileType = sourcecode.swift; path = AppDelegate.swift; sourceTree = "<group>"; };
		AE09CB291FA3794C00D3BFB1 /* Assets.xcassets */ = {isa = PBXFileReference; lastKnownFileType = folder.assetcatalog; path = Assets.xcassets; sourceTree = "<group>"; };
		AE09CB2C1FA3794C00D3BFB1 /* Base */ = {isa = PBXFileReference; lastKnownFileType = file.xib; name = Base; path = Base.lproj/MainMenu.xib; sourceTree = "<group>"; };
		AE09CB2E1FA3794C00D3BFB1 /* Info.plist */ = {isa = PBXFileReference; lastKnownFileType = text.plist.xml; path = Info.plist; sourceTree = "<group>"; };
		AE09CB2F1FA3794C00D3BFB1 /* TemposBotMenubar.entitlements */ = {isa = PBXFileReference; lastKnownFileType = text.plist.entitlements; path = TemposBotMenubar.entitlements; sourceTree = "<group>"; };
		AE09CB341FA3794C00D3BFB1 /* TemposBotMenubarTests.xctest */ = {isa = PBXFileReference; explicitFileType = wrapper.cfbundle; includeInIndex = 0; path = TemposBotMenubarTests.xctest; sourceTree = BUILT_PRODUCTS_DIR; };
		AE09CB381FA3794C00D3BFB1 /* TemposBotMenubarTests.swift */ = {isa = PBXFileReference; lastKnownFileType = sourcecode.swift; path = TemposBotMenubarTests.swift; sourceTree = "<group>"; };
		AE09CB3A1FA3794C00D3BFB1 /* Info.plist */ = {isa = PBXFileReference; lastKnownFileType = text.plist.xml; path = Info.plist; sourceTree = "<group>"; };
		AE09CB3F1FA3794C00D3BFB1 /* TemposBotMenubarUITests.xctest */ = {isa = PBXFileReference; explicitFileType = wrapper.cfbundle; includeInIndex = 0; path = TemposBotMenubarUITests.xctest; sourceTree = BUILT_PRODUCTS_DIR; };
		AE09CB431FA3794C00D3BFB1 /* TemposBotMenubarUITests.swift */ = {isa = PBXFileReference; lastKnownFileType = sourcecode.swift; path = TemposBotMenubarUITests.swift; sourceTree = "<group>"; };
		AE09CB451FA3794C00D3BFB1 /* Info.plist */ = {isa = PBXFileReference; lastKnownFileType = text.plist.xml; path = Info.plist; sourceTree = "<group>"; };
		AE09CB511FA37FD400D3BFB1 /* StatusMenuController.swift */ = {isa = PBXFileReference; lastKnownFileType = sourcecode.swift; path = StatusMenuController.swift; sourceTree = "<group>"; };
		AE09CB531FA3851B00D3BFB1 /* TemposBotAPI.swift */ = {isa = PBXFileReference; lastKnownFileType = sourcecode.swift; path = TemposBotAPI.swift; sourceTree = "<group>"; };
		AE09CB551FA38AA700D3BFB1 /* PreferencesWindow.swift */ = {isa = PBXFileReference; lastKnownFileType = sourcecode.swift; path = PreferencesWindow.swift; sourceTree = "<group>"; };
		AE09CB561FA38AA700D3BFB1 /* PreferencesWindow.xib */ = {isa = PBXFileReference; lastKnownFileType = file.xib; path = PreferencesWindow.xib; sourceTree = "<group>"; };
		AE8539621FAC7F680037A857 /* TextField.swift */ = {isa = PBXFileReference; lastKnownFileType = sourcecode.swift; path = TextField.swift; sourceTree = "<group>"; };
/* End PBXFileReference section */

/* Begin PBXFrameworksBuildPhase section */
		AE09CB211FA3794C00D3BFB1 /* Frameworks */ = {
			isa = PBXFrameworksBuildPhase;
			buildActionMask = 2147483647;
			files = (
			);
			runOnlyForDeploymentPostprocessing = 0;
		};
		AE09CB311FA3794C00D3BFB1 /* Frameworks */ = {
			isa = PBXFrameworksBuildPhase;
			buildActionMask = 2147483647;
			files = (
			);
			runOnlyForDeploymentPostprocessing = 0;
		};
		AE09CB3C1FA3794C00D3BFB1 /* Frameworks */ = {
			isa = PBXFrameworksBuildPhase;
			buildActionMask = 2147483647;
			files = (
			);
			runOnlyForDeploymentPostprocessing = 0;
		};
/* End PBXFrameworksBuildPhase section */

/* Begin PBXGroup section */
		AE09CB1B1FA3794C00D3BFB1 = {
			isa = PBXGroup;
			children = (
				AE09CB261FA3794C00D3BFB1 /* TemposBotMenubar */,
				AE09CB371FA3794C00D3BFB1 /* TemposBotMenubarTests */,
				AE09CB421FA3794C00D3BFB1 /* TemposBotMenubarUITests */,
				AE09CB251FA3794C00D3BFB1 /* Products */,
			);
			sourceTree = "<group>";
		};
		AE09CB251FA3794C00D3BFB1 /* Products */ = {
			isa = PBXGroup;
			children = (
				AE09CB241FA3794C00D3BFB1 /* TemposBotMenubar.app */,
				AE09CB341FA3794C00D3BFB1 /* TemposBotMenubarTests.xctest */,
				AE09CB3F1FA3794C00D3BFB1 /* TemposBotMenubarUITests.xctest */,
			);
			name = Products;
			sourceTree = "<group>";
		};
		AE09CB261FA3794C00D3BFB1 /* TemposBotMenubar */ = {
			isa = PBXGroup;
			children = (
				AE8539611FAC7F360037A857 /* UI */,
				AE09CB271FA3794C00D3BFB1 /* AppDelegate.swift */,
				AE09CB291FA3794C00D3BFB1 /* Assets.xcassets */,
				AE09CB2B1FA3794C00D3BFB1 /* MainMenu.xib */,
				AE09CB2E1FA3794C00D3BFB1 /* Info.plist */,
				AE09CB2F1FA3794C00D3BFB1 /* TemposBotMenubar.entitlements */,
				AE09CB511FA37FD400D3BFB1 /* StatusMenuController.swift */,
				AE09CB531FA3851B00D3BFB1 /* TemposBotAPI.swift */,
				AE09CB551FA38AA700D3BFB1 /* PreferencesWindow.swift */,
				AE09CB561FA38AA700D3BFB1 /* PreferencesWindow.xib */,
			);
			path = TemposBotMenubar;
			sourceTree = "<group>";
		};
		AE09CB371FA3794C00D3BFB1 /* TemposBotMenubarTests */ = {
			isa = PBXGroup;
			children = (
				AE09CB381FA3794C00D3BFB1 /* TemposBotMenubarTests.swift */,
				AE09CB3A1FA3794C00D3BFB1 /* Info.plist */,
			);
			path = TemposBotMenubarTests;
			sourceTree = "<group>";
		};
		AE09CB421FA3794C00D3BFB1 /* TemposBotMenubarUITests */ = {
			isa = PBXGroup;
			children = (
				AE09CB431FA3794C00D3BFB1 /* TemposBotMenubarUITests.swift */,
				AE09CB451FA3794C00D3BFB1 /* Info.plist */,
			);
			path = TemposBotMenubarUITests;
			sourceTree = "<group>";
		};
		AE8539611FAC7F360037A857 /* UI */ = {
			isa = PBXGroup;
			children = (
				AE8539621FAC7F680037A857 /* TextField.swift */,
			);
			path = UI;
			sourceTree = "<group>";
		};
/* End PBXGroup section */

/* Begin PBXNativeTarget section */
		AE09CB231FA3794C00D3BFB1 /* TemposBotMenubar */ = {
			isa = PBXNativeTarget;
			buildConfigurationList = AE09CB481FA3794C00D3BFB1 /* Build configuration list for PBXNativeTarget "TemposBotMenubar" */;
			buildPhases = (
				AE09CB201FA3794C00D3BFB1 /* Sources */,
				AE09CB211FA3794C00D3BFB1 /* Frameworks */,
				AE09CB221FA3794C00D3BFB1 /* Resources */,
			);
			buildRules = (
			);
			dependencies = (
			);
			name = TemposBotMenubar;
			productName = TemposBotMenubar;
			productReference = AE09CB241FA3794C00D3BFB1 /* TemposBotMenubar.app */;
			productType = "com.apple.product-type.application";
		};
		AE09CB331FA3794C00D3BFB1 /* TemposBotMenubarTests */ = {
			isa = PBXNativeTarget;
			buildConfigurationList = AE09CB4B1FA3794C00D3BFB1 /* Build configuration list for PBXNativeTarget "TemposBotMenubarTests" */;
			buildPhases = (
				AE09CB301FA3794C00D3BFB1 /* Sources */,
				AE09CB311FA3794C00D3BFB1 /* Frameworks */,
				AE09CB321FA3794C00D3BFB1 /* Resources */,
			);
			buildRules = (
			);
			dependencies = (
				AE09CB361FA3794C00D3BFB1 /* PBXTargetDependency */,
			);
			name = TemposBotMenubarTests;
			productName = TemposBotMenubarTests;
			productReference = AE09CB341FA3794C00D3BFB1 /* TemposBotMenubarTests.xctest */;
			productType = "com.apple.product-type.bundle.unit-test";
		};
		AE09CB3E1FA3794C00D3BFB1 /* TemposBotMenubarUITests */ = {
			isa = PBXNativeTarget;
			buildConfigurationList = AE09CB4E1FA3794C00D3BFB1 /* Build configuration list for PBXNativeTarget "TemposBotMenubarUITests" */;
			buildPhases = (
				AE09CB3B1FA3794C00D3BFB1 /* Sources */,
				AE09CB3C1FA3794C00D3BFB1 /* Frameworks */,
				AE09CB3D1FA3794C00D3BFB1 /* Resources */,
			);
			buildRules = (
			);
			dependencies = (
				AE09CB411FA3794C00D3BFB1 /* PBXTargetDependency */,
			);
			name = TemposBotMenubarUITests;
			productName = TemposBotMenubarUITests;
			productReference = AE09CB3F1FA3794C00D3BFB1 /* TemposBotMenubarUITests.xctest */;
			productType = "com.apple.product-type.bundle.ui-testing";
		};
/* End PBXNativeTarget section */

/* Begin PBXProject section */
		AE09CB1C1FA3794C00D3BFB1 /* Project object */ = {
			isa = PBXProject;
			attributes = {
				LastSwiftUpdateCheck = 0900;
				LastUpgradeCheck = 0900;
				ORGANIZATIONNAME = "Life on Mars";
				TargetAttributes = {
					AE09CB231FA3794C00D3BFB1 = {
						CreatedOnToolsVersion = 9.0.1;
						ProvisioningStyle = Automatic;
					};
					AE09CB331FA3794C00D3BFB1 = {
						CreatedOnToolsVersion = 9.0.1;
						ProvisioningStyle = Automatic;
						TestTargetID = AE09CB231FA3794C00D3BFB1;
					};
					AE09CB3E1FA3794C00D3BFB1 = {
						CreatedOnToolsVersion = 9.0.1;
						ProvisioningStyle = Automatic;
						TestTargetID = AE09CB231FA3794C00D3BFB1;
					};
				};
			};
			buildConfigurationList = AE09CB1F1FA3794C00D3BFB1 /* Build configuration list for PBXProject "TemposBotMenubar" */;
			compatibilityVersion = "Xcode 8.0";
			developmentRegion = en;
			hasScannedForEncodings = 0;
			knownRegions = (
				en,
				Base,
			);
			mainGroup = AE09CB1B1FA3794C00D3BFB1;
			productRefGroup = AE09CB251FA3794C00D3BFB1 /* Products */;
			projectDirPath = "";
			projectRoot = "";
			targets = (
				AE09CB231FA3794C00D3BFB1 /* TemposBotMenubar */,
				AE09CB331FA3794C00D3BFB1 /* TemposBotMenubarTests */,
				AE09CB3E1FA3794C00D3BFB1 /* TemposBotMenubarUITests */,
			);
		};
/* End PBXProject section */

/* Begin PBXResourcesBuildPhase section */
		AE09CB221FA3794C00D3BFB1 /* Resources */ = {
			isa = PBXResourcesBuildPhase;
			buildActionMask = 2147483647;
			files = (
				AE09CB2A1FA3794C00D3BFB1 /* Assets.xcassets in Resources */,
				AE09CB581FA38AA700D3BFB1 /* PreferencesWindow.xib in Resources */,
				AE09CB2D1FA3794C00D3BFB1 /* MainMenu.xib in Resources */,
			);
			runOnlyForDeploymentPostprocessing = 0;
		};
		AE09CB321FA3794C00D3BFB1 /* Resources */ = {
			isa = PBXResourcesBuildPhase;
			buildActionMask = 2147483647;
			files = (
			);
			runOnlyForDeploymentPostprocessing = 0;
		};
		AE09CB3D1FA3794C00D3BFB1 /* Resources */ = {
			isa = PBXResourcesBuildPhase;
			buildActionMask = 2147483647;
			files = (
			);
			runOnlyForDeploymentPostprocessing = 0;
		};
/* End PBXResourcesBuildPhase section */

/* Begin PBXSourcesBuildPhase section */
		AE09CB201FA3794C00D3BFB1 /* Sources */ = {
			isa = PBXSourcesBuildPhase;
			buildActionMask = 2147483647;
			files = (
				AE09CB571FA38AA700D3BFB1 /* PreferencesWindow.swift in Sources */,
				AE09CB541FA3851B00D3BFB1 /* TemposBotAPI.swift in Sources */,
				AE09CB521FA37FD400D3BFB1 /* StatusMenuController.swift in Sources */,
				AE8539631FAC7F680037A857 /* TextField.swift in Sources */,
				AE09CB281FA3794C00D3BFB1 /* AppDelegate.swift in Sources */,
			);
			runOnlyForDeploymentPostprocessing = 0;
		};
		AE09CB301FA3794C00D3BFB1 /* Sources */ = {
			isa = PBXSourcesBuildPhase;
			buildActionMask = 2147483647;
			files = (
				AE09CB391FA3794C00D3BFB1 /* TemposBotMenubarTests.swift in Sources */,
			);
			runOnlyForDeploymentPostprocessing = 0;
		};
		AE09CB3B1FA3794C00D3BFB1 /* Sources */ = {
			isa = PBXSourcesBuildPhase;
			buildActionMask = 2147483647;
			files = (
				AE09CB441FA3794C00D3BFB1 /* TemposBotMenubarUITests.swift in Sources */,
			);
			runOnlyForDeploymentPostprocessing = 0;
		};
/* End PBXSourcesBuildPhase section */

/* Begin PBXTargetDependency section */
		AE09CB361FA3794C00D3BFB1 /* PBXTargetDependency */ = {
			isa = PBXTargetDependency;
			target = AE09CB231FA3794C00D3BFB1 /* TemposBotMenubar */;
			targetProxy = AE09CB351FA3794C00D3BFB1 /* PBXContainerItemProxy */;
		};
		AE09CB411FA3794C00D3BFB1 /* PBXTargetDependency */ = {
			isa = PBXTargetDependency;
			target = AE09CB231FA3794C00D3BFB1 /* TemposBotMenubar */;
			targetProxy = AE09CB401FA3794C00D3BFB1 /* PBXContainerItemProxy */;
		};
/* End PBXTargetDependency section */

/* Begin PBXVariantGroup section */
		AE09CB2B1FA3794C00D3BFB1 /* MainMenu.xib */ = {
			isa = PBXVariantGroup;
			children = (
				AE09CB2C1FA3794C00D3BFB1 /* Base */,
			);
			name = MainMenu.xib;
			sourceTree = "<group>";
		};
/* End PBXVariantGroup section */

/* Begin XCBuildConfiguration section */
		AE09CB461FA3794C00D3BFB1 /* Debug */ = {
			isa = XCBuildConfiguration;
			buildSettings = {
				ALWAYS_SEARCH_USER_PATHS = NO;
				CLANG_ANALYZER_NONNULL = YES;
				CLANG_ANALYZER_NUMBER_OBJECT_CONVERSION = YES_AGGRESSIVE;
				CLANG_CXX_LANGUAGE_STANDARD = "gnu++14";
				CLANG_CXX_LIBRARY = "libc++";
				CLANG_ENABLE_MODULES = YES;
				CLANG_ENABLE_OBJC_ARC = YES;
				CLANG_WARN_BLOCK_CAPTURE_AUTORELEASING = YES;
				CLANG_WARN_BOOL_CONVERSION = YES;
				CLANG_WARN_COMMA = YES;
				CLANG_WARN_CONSTANT_CONVERSION = YES;
				CLANG_WARN_DIRECT_OBJC_ISA_USAGE = YES_ERROR;
				CLANG_WARN_DOCUMENTATION_COMMENTS = YES;
				CLANG_WARN_EMPTY_BODY = YES;
				CLANG_WARN_ENUM_CONVERSION = YES;
				CLANG_WARN_INFINITE_RECURSION = YES;
				CLANG_WARN_INT_CONVERSION = YES;
				CLANG_WARN_NON_LITERAL_NULL_CONVERSION = YES;
				CLANG_WARN_OBJC_LITERAL_CONVERSION = YES;
				CLANG_WARN_OBJC_ROOT_CLASS = YES_ERROR;
				CLANG_WARN_RANGE_LOOP_ANALYSIS = YES;
				CLANG_WARN_STRICT_PROTOTYPES = YES;
				CLANG_WARN_SUSPICIOUS_MOVE = YES;
				CLANG_WARN_UNGUARDED_AVAILABILITY = YES_AGGRESSIVE;
				CLANG_WARN_UNREACHABLE_CODE = YES;
				CLANG_WARN__DUPLICATE_METHOD_MATCH = YES;
				CODE_SIGN_IDENTITY = "-";
				COPY_PHASE_STRIP = NO;
				DEBUG_INFORMATION_FORMAT = dwarf;
				ENABLE_STRICT_OBJC_MSGSEND = YES;
				ENABLE_TESTABILITY = YES;
				GCC_C_LANGUAGE_STANDARD = gnu11;
				GCC_DYNAMIC_NO_PIC = NO;
				GCC_NO_COMMON_BLOCKS = YES;
				GCC_OPTIMIZATION_LEVEL = 0;
				GCC_PREPROCESSOR_DEFINITIONS = (
					"DEBUG=1",
					"$(inherited)",
				);
				GCC_WARN_64_TO_32_BIT_CONVERSION = YES;
				GCC_WARN_ABOUT_RETURN_TYPE = YES_ERROR;
				GCC_WARN_UNDECLARED_SELECTOR = YES;
				GCC_WARN_UNINITIALIZED_AUTOS = YES_AGGRESSIVE;
				GCC_WARN_UNUSED_FUNCTION = YES;
				GCC_WARN_UNUSED_VARIABLE = YES;
				MACOSX_DEPLOYMENT_TARGET = 10.12;
				MTL_ENABLE_DEBUG_INFO = YES;
				ONLY_ACTIVE_ARCH = YES;
				SDKROOT = macosx;
				SWIFT_ACTIVE_COMPILATION_CONDITIONS = DEBUG;
				SWIFT_OPTIMIZATION_LEVEL = "-Onone";
			};
			name = Debug;
		};
		AE09CB471FA3794C00D3BFB1 /* Release */ = {
			isa = XCBuildConfiguration;
			buildSettings = {
				ALWAYS_SEARCH_USER_PATHS = NO;
				CLANG_ANALYZER_NONNULL = YES;
				CLANG_ANALYZER_NUMBER_OBJECT_CONVERSION = YES_AGGRESSIVE;
				CLANG_CXX_LANGUAGE_STANDARD = "gnu++14";
				CLANG_CXX_LIBRARY = "libc++";
				CLANG_ENABLE_MODULES = YES;
				CLANG_ENABLE_OBJC_ARC = YES;
				CLANG_WARN_BLOCK_CAPTURE_AUTORELEASING = YES;
				CLANG_WARN_BOOL_CONVERSION = YES;
				CLANG_WARN_COMMA = YES;
				CLANG_WARN_CONSTANT_CONVERSION = YES;
				CLANG_WARN_DIRECT_OBJC_ISA_USAGE = YES_ERROR;
				CLANG_WARN_DOCUMENTATION_COMMENTS = YES;
				CLANG_WARN_EMPTY_BODY = YES;
				CLANG_WARN_ENUM_CONVERSION = YES;
				CLANG_WARN_INFINITE_RECURSION = YES;
				CLANG_WARN_INT_CONVERSION = YES;
				CLANG_WARN_NON_LITERAL_NULL_CONVERSION = YES;
				CLANG_WARN_OBJC_LITERAL_CONVERSION = YES;
				CLANG_WARN_OBJC_ROOT_CLASS = YES_ERROR;
				CLANG_WARN_RANGE_LOOP_ANALYSIS = YES;
				CLANG_WARN_STRICT_PROTOTYPES = YES;
				CLANG_WARN_SUSPICIOUS_MOVE = YES;
				CLANG_WARN_UNGUARDED_AVAILABILITY = YES_AGGRESSIVE;
				CLANG_WARN_UNREACHABLE_CODE = YES;
				CLANG_WARN__DUPLICATE_METHOD_MATCH = YES;
				CODE_SIGN_IDENTITY = "-";
				COPY_PHASE_STRIP = NO;
				DEBUG_INFORMATION_FORMAT = "dwarf-with-dsym";
				ENABLE_NS_ASSERTIONS = NO;
				ENABLE_STRICT_OBJC_MSGSEND = YES;
				GCC_C_LANGUAGE_STANDARD = gnu11;
				GCC_NO_COMMON_BLOCKS = YES;
				GCC_WARN_64_TO_32_BIT_CONVERSION = YES;
				GCC_WARN_ABOUT_RETURN_TYPE = YES_ERROR;
				GCC_WARN_UNDECLARED_SELECTOR = YES;
				GCC_WARN_UNINITIALIZED_AUTOS = YES_AGGRESSIVE;
				GCC_WARN_UNUSED_FUNCTION = YES;
				GCC_WARN_UNUSED_VARIABLE = YES;
				MACOSX_DEPLOYMENT_TARGET = 10.12;
				MTL_ENABLE_DEBUG_INFO = NO;
				SDKROOT = macosx;
				SWIFT_OPTIMIZATION_LEVEL = "-Owholemodule";
			};
			name = Release;
		};
		AE09CB491FA3794C00D3BFB1 /* Debug */ = {
			isa = XCBuildConfiguration;
			buildSettings = {
				ASSETCATALOG_COMPILER_APPICON_NAME = AppIcon;
				CODE_SIGN_ENTITLEMENTS = TemposBotMenubar/TemposBotMenubar.entitlements;
				CODE_SIGN_STYLE = Automatic;
				COMBINE_HIDPI_IMAGES = YES;
				INFOPLIST_FILE = TemposBotMenubar/Info.plist;
				LD_RUNPATH_SEARCH_PATHS = "$(inherited) @executable_path/../Frameworks";
				PRODUCT_BUNDLE_IDENTIFIER = lifeonmars.TemposBotMenubar;
				PRODUCT_NAME = "$(TARGET_NAME)";
				SWIFT_VERSION = 4.0;
			};
			name = Debug;
		};
		AE09CB4A1FA3794C00D3BFB1 /* Release */ = {
			isa = XCBuildConfiguration;
			buildSettings = {
				ASSETCATALOG_COMPILER_APPICON_NAME = AppIcon;
				CODE_SIGN_ENTITLEMENTS = TemposBotMenubar/TemposBotMenubar.entitlements;
				CODE_SIGN_STYLE = Automatic;
				COMBINE_HIDPI_IMAGES = YES;
				INFOPLIST_FILE = TemposBotMenubar/Info.plist;
				LD_RUNPATH_SEARCH_PATHS = "$(inherited) @executable_path/../Frameworks";
				PRODUCT_BUNDLE_IDENTIFIER = lifeonmars.TemposBotMenubar;
				PRODUCT_NAME = "$(TARGET_NAME)";
				SWIFT_VERSION = 4.0;
			};
			name = Release;
		};
		AE09CB4C1FA3794C00D3BFB1 /* Debug */ = {
			isa = XCBuildConfiguration;
			buildSettings = {
				ALWAYS_EMBED_SWIFT_STANDARD_LIBRARIES = YES;
				BUNDLE_LOADER = "$(TEST_HOST)";
				CODE_SIGN_STYLE = Automatic;
				COMBINE_HIDPI_IMAGES = YES;
				INFOPLIST_FILE = TemposBotMenubarTests/Info.plist;
				LD_RUNPATH_SEARCH_PATHS = "$(inherited) @executable_path/../Frameworks @loader_path/../Frameworks";
				PRODUCT_BUNDLE_IDENTIFIER = lifeonmars.TemposBotMenubarTests;
				PRODUCT_NAME = "$(TARGET_NAME)";
				SWIFT_VERSION = 4.0;
				TEST_HOST = "$(BUILT_PRODUCTS_DIR)/TemposBotMenubar.app/Contents/MacOS/TemposBotMenubar";
			};
			name = Debug;
		};
		AE09CB4D1FA3794C00D3BFB1 /* Release */ = {
			isa = XCBuildConfiguration;
			buildSettings = {
				ALWAYS_EMBED_SWIFT_STANDARD_LIBRARIES = YES;
				BUNDLE_LOADER = "$(TEST_HOST)";
				CODE_SIGN_STYLE = Automatic;
				COMBINE_HIDPI_IMAGES = YES;
				INFOPLIST_FILE = TemposBotMenubarTests/Info.plist;
				LD_RUNPATH_SEARCH_PATHS = "$(inherited) @executable_path/../Frameworks @loader_path/../Frameworks";
				PRODUCT_BUNDLE_IDENTIFIER = lifeonmars.TemposBotMenubarTests;
				PRODUCT_NAME = "$(TARGET_NAME)";
				SWIFT_VERSION = 4.0;
				TEST_HOST = "$(BUILT_PRODUCTS_DIR)/TemposBotMenubar.app/Contents/MacOS/TemposBotMenubar";
			};
			name = Release;
		};
		AE09CB4F1FA3794C00D3BFB1 /* Debug */ = {
			isa = XCBuildConfiguration;
			buildSettings = {
				ALWAYS_EMBED_SWIFT_STANDARD_LIBRARIES = YES;
				CODE_SIGN_STYLE = Automatic;
				COMBINE_HIDPI_IMAGES = YES;
				INFOPLIST_FILE = TemposBotMenubarUITests/Info.plist;
				LD_RUNPATH_SEARCH_PATHS = "$(inherited) @executable_path/../Frameworks @loader_path/../Frameworks";
				PRODUCT_BUNDLE_IDENTIFIER = lifeonmars.TemposBotMenubarUITests;
				PRODUCT_NAME = "$(TARGET_NAME)";
				SWIFT_VERSION = 4.0;
				TEST_TARGET_NAME = TemposBotMenubar;
			};
			name = Debug;
		};
		AE09CB501FA3794C00D3BFB1 /* Release */ = {
			isa = XCBuildConfiguration;
			buildSettings = {
				ALWAYS_EMBED_SWIFT_STANDARD_LIBRARIES = YES;
				CODE_SIGN_STYLE = Automatic;
				COMBINE_HIDPI_IMAGES = YES;
				INFOPLIST_FILE = TemposBotMenubarUITests/Info.plist;
				LD_RUNPATH_SEARCH_PATHS = "$(inherited) @executable_path/../Frameworks @loader_path/../Frameworks";
				PRODUCT_BUNDLE_IDENTIFIER = lifeonmars.TemposBotMenubarUITests;
				PRODUCT_NAME = "$(TARGET_NAME)";
				SWIFT_VERSION = 4.0;
				TEST_TARGET_NAME = TemposBotMenubar;
			};
			name = Release;
		};
/* End XCBuildConfiguration section */

/* Begin XCConfigurationList section */
		AE09CB1F1FA3794C00D3BFB1 /* Build configuration list for PBXProject "TemposBotMenubar" */ = {
			isa = XCConfigurationList;
			buildConfigurations = (
				AE09CB461FA3794C00D3BFB1 /* Debug */,
				AE09CB471FA3794C00D3BFB1 /* Release */,
			);
			defaultConfigurationIsVisible = 0;
			defaultConfigurationName = Release;
		};
		AE09CB481FA3794C00D3BFB1 /* Build configuration list for PBXNativeTarget "TemposBotMenubar" */ = {
			isa = XCConfigurationList;
			buildConfigurations = (
				AE09CB491FA3794C00D3BFB1 /* Debug */,
				AE09CB4A1FA3794C00D3BFB1 /* Release */,
			);
			defaultConfigurationIsVisible = 0;
			defaultConfigurationName = Release;
		};
		AE09CB4B1FA3794C00D3BFB1 /* Build configuration list for PBXNativeTarget "TemposBotMenubarTests" */ = {
			isa = XCConfigurationList;
			buildConfigurations = (
				AE09CB4C1FA3794C00D3BFB1 /* Debug */,
				AE09CB4D1FA3794C00D3BFB1 /* Release */,
			);
			defaultConfigurationIsVisible = 0;
			defaultConfigurationName = Release;
		};
		AE09CB4E1FA3794C00D3BFB1 /* Build configuration list for PBXNativeTarget "TemposBotMenubarUITests" */ = {
			isa = XCConfigurationList;
			buildConfigurations = (
				AE09CB4F1FA3794C00D3BFB1 /* Debug */,
				AE09CB501FA3794C00D3BFB1 /* Release */,
			);
			defaultConfigurationIsVisible = 0;
			defaultConfigurationName = Release;
		};
/* End XCConfigurationList section */
	};
	rootObject = AE09CB1C1FA3794C00D3BFB1 /* Project object */;
}
